<?xml version="1.0" encoding="utf-8"?>
<Project ToolsVersion="4.0" xmlns="http://schemas.microsoft.com/developer/msbuild/2003">
  <ItemGroup>
    <Filter Include="Main">
      <UniqueIdentifier>{8d412715-4f84-457c-a3b0-0f9cdc5b79c8}</UniqueIdentifier>
    </Filter>
    <Filter Include="Utils">
      <UniqueIdentifier>{ba7a5d98-9ae5-4ece-a6db-387c9979e78b}</UniqueIdentifier>
    </Filter>
    <Filter Include="Protocol">
      <UniqueIdentifier>{331e094d-2a9d-46ff-8c8a-1b39946ec409}</UniqueIdentifier>
    </Filter>
    <Filter Include="GameContents">
      <UniqueIdentifier>{753893c3-c6e2-4f2a-9b90-6a6e59efda60}</UniqueIdentifier>
    </Filter>
    <Filter Include="Session">
      <UniqueIdentifier>{18d56529-3136-46e9-aff3-2378ed0c55fd}</UniqueIdentifier>
    </Filter>
    <Filter Include="Redis">
      <UniqueIdentifier>{f7f8edfa-5f1e-4f66-899f-ce11c6c280ca}</UniqueIdentifier>
    </Filter>
    <Filter Include="GameContents\Room">
      <UniqueIdentifier>{d0fc7b00-7e5c-4a4d-af20-1a749795b2c2}</UniqueIdentifier>
    </Filter>
    <Filter Include="GameContents\Object">
      <UniqueIdentifier>{1add506b-b992-4301-ac2b-9e086472e113}</UniqueIdentifier>
    </Filter>
  </ItemGroup>
  <ItemGroup>
    <ClCompile Include="GameServer.cpp">
      <Filter>Main</Filter>
    </ClCompile>
    <ClCompile Include="pch.cpp">
      <Filter>Utils</Filter>
    </ClCompile>
    <ClCompile Include="Protocol.pb.cc">
      <Filter>Protocol</Filter>
    </ClCompile>
    <ClCompile Include="ClientPacketHandler.cpp">
      <Filter>Protocol</Filter>
    </ClCompile>
    <ClCompile Include="GameSession.cpp">
      <Filter>Session</Filter>
    </ClCompile>
    <ClCompile Include="SessionManager.cpp">
      <Filter>Session</Filter>
    </ClCompile>
    <ClCompile Include="RedisManager.cpp">
      <Filter>Redis</Filter>
    </ClCompile>
    <ClCompile Include="GameRoom.cpp">
      <Filter>GameContents\Room</Filter>
    </ClCompile>
    <ClCompile Include="Room.cpp">
      <Filter>GameContents\Room</Filter>
    </ClCompile>
    <ClCompile Include="RoomManager.cpp">
      <Filter>GameContents\Room</Filter>
    </ClCompile>
    <ClCompile Include="Player.cpp">
      <Filter>GameContents\Object</Filter>
    </ClCompile>
    <ClCompile Include="GameObject.cpp">
      <Filter>GameContents\Object</Filter>
    </ClCompile>
    <ClCompile Include="GameRoomManager.cpp">
      <Filter>GameContents\Room</Filter>
    </ClCompile>
    <ClCompile Include="ObjectManager.cpp">
      <Filter>GameContents\Object</Filter>
    </ClCompile>
  </ItemGroup>
  <ItemGroup>
    <ClInclude Include="pch.h">
      <Filter>Utils</Filter>
    </ClInclude>
    <ClInclude Include="ClientPacketHandler.h">
      <Filter>Protocol</Filter>
    </ClInclude>
    <ClInclude Include="Protocol.pb.h">
      <Filter>Protocol</Filter>
    </ClInclude>
    <ClInclude Include="GameSession.h">
      <Filter>Session</Filter>
    </ClInclude>
    <ClInclude Include="SessionManager.h">
      <Filter>Session</Filter>
    </ClInclude>
    <ClInclude Include="RedisManager.h">
      <Filter>Redis</Filter>
    </ClInclude>
    <ClInclude Include="GameRoom.h">
      <Filter>GameContents\Room</Filter>
    </ClInclude>
    <ClInclude Include="Room.h">
      <Filter>GameContents\Room</Filter>
    </ClInclude>
    <ClInclude Include="RoomManager.h">
      <Filter>GameContents\Room</Filter>
    </ClInclude>
    <ClInclude Include="Player.h">
      <Filter>GameContents\Object</Filter>
    </ClInclude>
    <ClInclude Include="GameObject.h">
      <Filter>GameContents\Object</Filter>
    </ClInclude>
    <ClInclude Include="GameRoomManager.h">
      <Filter>GameContents\Room</Filter>
    </ClInclude>
    <ClInclude Include="ObjectManager.h">
      <Filter>GameContents\Object</Filter>
    </ClInclude>
  </ItemGroup>
  <ItemGroup>
    <None Include="packages.config" />
  </ItemGroup>
</Project>