<?xml version="1.0" encoding="utf-8"?>
<Project ToolsVersion="4.0" xmlns="http://schemas.microsoft.com/developer/msbuild/2003">
  <ItemGroup>
    <Filter Include="Main">
      <UniqueIdentifier>{65250754-e13b-40c7-81d1-27c0d019a657}</UniqueIdentifier>
    </Filter>
    <Filter Include="Utils">
      <UniqueIdentifier>{25b26acc-1053-40fd-aeef-c5bb82363408}</UniqueIdentifier>
    </Filter>
    <Filter Include="Protocol">
      <UniqueIdentifier>{198cec91-f2a2-4f1f-9d39-3b934c2fc3ba}</UniqueIdentifier>
    </Filter>
  </ItemGroup>
  <ItemGroup>
    <ClCompile Include="DummyClient.cpp">
      <Filter>Main</Filter>
    </ClCompile>
    <ClCompile Include="pch.cpp">
      <Filter>Utils</Filter>
    </ClCompile>
    <ClCompile Include="Protocol.pb.cc">
      <Filter>Protocol</Filter>
    </ClCompile>
    <ClCompile Include="ServerPacketHandler.cpp">
      <Filter>Protocol</Filter>
    </ClCompile>
  </ItemGroup>
  <ItemGroup>
    <ClInclude Include="pch.h">
      <Filter>Utils</Filter>
    </ClInclude>
    <ClInclude Include="Protocol.pb.h">
      <Filter>Protocol</Filter>
    </ClInclude>
    <ClInclude Include="ServerPacketHandler.h">
      <Filter>Protocol</Filter>
    </ClInclude>
  </ItemGroup>
</Project>